
Microsoft Visual Studio Solution File, Format Version 12.00
# Visual Studio Version 17
VisualStudioVersion = 17.8.34525.116
MinimumVisualStudioVersion = 10.0.40219.1
Project("{8BC9CEB8-8B4A-11D0-8D11-00A0C91BC942}") = "Rectangle", "Rectangle.vcxproj", "{25AA30AB-AFEE-4E39-9CEE-859F511FEC21}"
EndProject
Project("{8BC9CEB8-8B4A-11D0-8D11-00A0C91BC942}") = "CRectangleTests", "..\CRectangleTests\CRectangleTests.vcxproj", "{E547D782-9ED3-45D9-9416-E19823D45B83}"
EndProject
Global
	GlobalSection(SolutionConfigurationPlatforms) = preSolution
		Debug|x64 = Debug|x64
		Debug|x86 = Debug|x86
		Release|x64 = Release|x64
		Release|x86 = Release|x86
	EndGlobalSection
	GlobalSection(ProjectConfigurationPlatforms) = postSolution
		{25AA30AB-AFEE-4E39-9CEE-859F511FEC21}.Debug|x64.ActiveCfg = Debug|x64
		{25AA30AB-AFEE-4E39-9CEE-859F511FEC21}.Debug|x64.Build.0 = Debug|x64
		{25AA30AB-AFEE-4E39-9CEE-859F511FEC21}.Debug|x86.ActiveCfg = Debug|Win32
		{25AA30AB-AFEE-4E39-9CEE-859F511FEC21}.Debug|x86.Build.0 = Debug|Win32
		{25AA30AB-AFEE-4E39-9CEE-859F511FEC21}.Release|x64.ActiveCfg = Release|x64
		{25AA30AB-AFEE-4E39-9CEE-859F511FEC21}.Release|x64.Build.0 = Release|x64
		{25AA30AB-AFEE-4E39-9CEE-859F511FEC21}.Release|x86.ActiveCfg = Release|Win32
		{25AA30AB-AFEE-4E39-9CEE-859F511FEC21}.Release|x86.Build.0 = Release|Win32
		{E547D782-9ED3-45D9-9416-E19823D45B83}.Debug|x64.ActiveCfg = Debug|x64
		{E547D782-9ED3-45D9-9416-E19823D45B83}.Debug|x64.Build.0 = Debug|x64
		{E547D782-9ED3-45D9-9416-E19823D45B83}.Debug|x86.ActiveCfg = Debug|Win32
		{E547D782-9ED3-45D9-9416-E19823D45B83}.Debug|x86.Build.0 = Debug|Win32
		{E547D782-9ED3-45D9-9416-E19823D45B83}.Release|x64.ActiveCfg = Release|x64
		{E547D782-9ED3-45D9-9416-E19823D45B83}.Release|x64.Build.0 = Release|x64
		{E547D782-9ED3-45D9-9416-E19823D45B83}.Release|x86.ActiveCfg = Release|Win32
		{E547D782-9ED3-45D9-9416-E19823D45B83}.Release|x86.Build.0 = Release|Win32
	EndGlobalSection
	GlobalSection(SolutionProperties) = preSolution
		HideSolutionNode = FALSE
	EndGlobalSection
	GlobalSection(ExtensibilityGlobals) = postSolution
		SolutionGuid = {6455D281-5F11-46AE-A2CA-2F02FD9381C1}
	EndGlobalSection
EndGlobal
