
Microsoft Visual Studio Solution File, Format Version 12.00
# Visual Studio Version 17
VisualStudioVersion = 17.8.34525.116
MinimumVisualStudioVersion = 10.0.40219.1
Project("{8BC9CEB8-8B4A-11D0-8D11-00A0C91BC942}") = "rotatebyte", "rotatebyte\rotatebyte.vcxproj", "{88411572-5ABB-4278-B3B0-C69931F0CC40}"
EndProject
Project("{2150E333-8FDC-42A3-9474-1A3956D46DE8}") = "Solution Items", "Solution Items", "{F36CC526-652B-4BA6-BF96-E1A91CE102A8}"
EndProject
Global
	GlobalSection(SolutionConfigurationPlatforms) = preSolution
		Debug|x64 = Debug|x64
		Debug|x86 = Debug|x86
		Release|x64 = Release|x64
		Release|x86 = Release|x86
	EndGlobalSection
	GlobalSection(ProjectConfigurationPlatforms) = postSolution
		{88411572-5ABB-4278-B3B0-C69931F0CC40}.Debug|x64.ActiveCfg = Debug|x64
		{88411572-5ABB-4278-B3B0-C69931F0CC40}.Debug|x64.Build.0 = Debug|x64
		{88411572-5ABB-4278-B3B0-C69931F0CC40}.Debug|x86.ActiveCfg = Debug|Win32
		{88411572-5ABB-4278-B3B0-C69931F0CC40}.Debug|x86.Build.0 = Debug|Win32
		{88411572-5ABB-4278-B3B0-C69931F0CC40}.Release|x64.ActiveCfg = Release|x64
		{88411572-5ABB-4278-B3B0-C69931F0CC40}.Release|x64.Build.0 = Release|x64
		{88411572-5ABB-4278-B3B0-C69931F0CC40}.Release|x86.ActiveCfg = Release|Win32
		{88411572-5ABB-4278-B3B0-C69931F0CC40}.Release|x86.Build.0 = Release|Win32
	EndGlobalSection
	GlobalSection(SolutionProperties) = preSolution
		HideSolutionNode = FALSE
	EndGlobalSection
	GlobalSection(ExtensibilityGlobals) = postSolution
		SolutionGuid = {CE8320C6-EA1B-4231-9504-1C55616C6957}
	EndGlobalSection
EndGlobal
